// !$*UTF8*$!
{
	archiveVersion = 1;
	classes = {
	};
	objectVersion = 46;
	objects = {

/* Begin PBXBuildFile section */
		998650D71EC8F895004D9287 /* AppDelegate.swift in Sources */ = {isa = PBXBuildFile; fileRef = 998650D61EC8F895004D9287 /* AppDelegate.swift */; };
		998650DE1EC8F895004D9287 /* Assets.xcassets in Resources */ = {isa = PBXBuildFile; fileRef = 998650DD1EC8F895004D9287 /* Assets.xcassets */; };
		998650E11EC8F895004D9287 /* LaunchScreen.storyboard in Resources */ = {isa = PBXBuildFile; fileRef = 998650DF1EC8F895004D9287 /* LaunchScreen.storyboard */; };
		998650EA1EC8F955004D9287 /* MainVC.swift in Sources */ = {isa = PBXBuildFile; fileRef = 998650E81EC8F955004D9287 /* MainVC.swift */; };
		998650EB1EC8F955004D9287 /* MainVC.xib in Resources */ = {isa = PBXBuildFile; fileRef = 998650E91EC8F955004D9287 /* MainVC.xib */; };
/* End PBXBuildFile section */

/* Begin PBXFileReference section */
		998650D31EC8F895004D9287 /* mise.app */ = {isa = PBXFileReference; explicitFileType = wrapper.application; includeInIndex = 0; path = mise.app; sourceTree = BUILT_PRODUCTS_DIR; };
		998650D61EC8F895004D9287 /* AppDelegate.swift */ = {isa = PBXFileReference; lastKnownFileType = sourcecode.swift; path = AppDelegate.swift; sourceTree = "<group>"; };
		998650DD1EC8F895004D9287 /* Assets.xcassets */ = {isa = PBXFileReference; lastKnownFileType = folder.assetcatalog; path = Assets.xcassets; sourceTree = "<group>"; };
		998650E01EC8F895004D9287 /* Base */ = {isa = PBXFileReference; lastKnownFileType = file.storyboard; name = Base; path = Base.lproj/LaunchScreen.storyboard; sourceTree = "<group>"; };
		998650E21EC8F895004D9287 /* Info.plist */ = {isa = PBXFileReference; lastKnownFileType = text.plist.xml; path = Info.plist; sourceTree = "<group>"; };
		998650E81EC8F955004D9287 /* MainVC.swift */ = {isa = PBXFileReference; fileEncoding = 4; lastKnownFileType = sourcecode.swift; name = MainVC.swift; path = Controller/MainVC.swift; sourceTree = "<group>"; };
		998650E91EC8F955004D9287 /* MainVC.xib */ = {isa = PBXFileReference; fileEncoding = 4; lastKnownFileType = file.xib; name = MainVC.xib; path = Controller/MainVC.xib; sourceTree = "<group>"; };
/* End PBXFileReference section */

/* Begin PBXFrameworksBuildPhase section */
		998650D01EC8F895004D9287 /* Frameworks */ = {
			isa = PBXFrameworksBuildPhase;
			buildActionMask = 2147483647;
			files = (
			);
			runOnlyForDeploymentPostprocessing = 0;
		};
/* End PBXFrameworksBuildPhase section */

/* Begin PBXGroup section */
		998650CA1EC8F895004D9287 = {
			isa = PBXGroup;
			children = (
				998650D51EC8F895004D9287 /* mise */,
				998650D41EC8F895004D9287 /* Products */,
			);
			sourceTree = "<group>";
		};
		998650D41EC8F895004D9287 /* Products */ = {
			isa = PBXGroup;
			children = (
				998650D31EC8F895004D9287 /* mise.app */,
			);
			name = Products;
			sourceTree = "<group>";
		};
		998650D51EC8F895004D9287 /* mise */ = {
			isa = PBXGroup;
			children = (
				998650ED1EC8F968004D9287 /* View */,
				998650EC1EC8F95D004D9287 /* Controller */,
				998650D61EC8F895004D9287 /* AppDelegate.swift */,
				998650DD1EC8F895004D9287 /* Assets.xcassets */,
				998650E21EC8F895004D9287 /* Info.plist */,
			);
			path = mise;
			sourceTree = "<group>";
		};
		998650EC1EC8F95D004D9287 /* Controller */ = {
			isa = PBXGroup;
			children = (
				998650E81EC8F955004D9287 /* MainVC.swift */,
			);
			name = Controller;
			sourceTree = "<group>";
		};
		998650ED1EC8F968004D9287 /* View */ = {
			isa = PBXGroup;
			children = (
				998650E91EC8F955004D9287 /* MainVC.xib */,
				998650DF1EC8F895004D9287 /* LaunchScreen.storyboard */,
			);
			name = View;
			sourceTree = "<group>";
		};
/* End PBXGroup section */

/* Begin PBXNativeTarget section */
		998650D21EC8F895004D9287 /* mise */ = {
			isa = PBXNativeTarget;
			buildConfigurationList = 998650E51EC8F895004D9287 /* Build configuration list for PBXNativeTarget "mise" */;
			buildPhases = (
				998650CF1EC8F895004D9287 /* Sources */,
				998650D01EC8F895004D9287 /* Frameworks */,
				998650D11EC8F895004D9287 /* Resources */,
			);
			buildRules = (
			);
			dependencies = (
			);
			name = mise;
			productName = mise;
			productReference = 998650D31EC8F895004D9287 /* mise.app */;
			productType = "com.apple.product-type.application";
		};
/* End PBXNativeTarget section */

/* Begin PBXProject section */
		998650CB1EC8F895004D9287 /* Project object */ = {
			isa = PBXProject;
			attributes = {
				LastSwiftUpdateCheck = 0830;
				LastUpgradeCheck = 0830;
				ORGANIZATIONNAME = "Pablo Pfister";
				TargetAttributes = {
					998650D21EC8F895004D9287 = {
						CreatedOnToolsVersion = 8.3.2;
						DevelopmentTeam = 8684UGJ8P7;
						ProvisioningStyle = Automatic;
					};
				};
			};
			buildConfigurationList = 998650CE1EC8F895004D9287 /* Build configuration list for PBXProject "mise" */;
			compatibilityVersion = "Xcode 3.2";
			developmentRegion = English;
			hasScannedForEncodings = 0;
			knownRegions = (
				en,
				Base,
			);
			mainGroup = 998650CA1EC8F895004D9287;
			productRefGroup = 998650D41EC8F895004D9287 /* Products */;
			projectDirPath = "";
			projectRoot = "";
			targets = (
				998650D21EC8F895004D9287 /* mise */,
			);
		};
/* End PBXProject section */

/* Begin PBXResourcesBuildPhase section */
		998650D11EC8F895004D9287 /* Resources */ = {
			isa = PBXResourcesBuildPhase;
			buildActionMask = 2147483647;
			files = (
				998650EB1EC8F955004D9287 /* MainVC.xib in Resources */,
				998650E11EC8F895004D9287 /* LaunchScreen.storyboard in Resources */,
				998650DE1EC8F895004D9287 /* Assets.xcassets in Resources */,
			);
			runOnlyForDeploymentPostprocessing = 0;
		};
/* End PBXResourcesBuildPhase section */

/* Begin PBXSourcesBuildPhase section */
		998650CF1EC8F895004D9287 /* Sources */ = {
			isa = PBXSourcesBuildPhase;
			buildActionMask = 2147483647;
			files = (
				998650D71EC8F895004D9287 /* AppDelegate.swift in Sources */,
				998650EA1EC8F955004D9287 /* MainVC.swift in Sources */,
			);
			runOnlyForDeploymentPostprocessing = 0;
		};
/* End PBXSourcesBuildPhase section */

/* Begin PBXVariantGroup section */
		998650DF1EC8F895004D9287 /* LaunchScreen.storyboard */ = {
			isa = PBXVariantGroup;
			children = (
				998650E01EC8F895004D9287 /* Base */,
			);
			name = LaunchScreen.storyboard;
			sourceTree = "<group>";
		};
/* End PBXVariantGroup section */

/* Begin XCBuildConfiguration section */
		998650E31EC8F895004D9287 /* Debug */ = {
			isa = XCBuildConfiguration;
			buildSettings = {
				ALWAYS_SEARCH_USER_PATHS = NO;
				CLANG_ANALYZER_NONNULL = YES;
				CLANG_ANALYZER_NUMBER_OBJECT_CONVERSION = YES_AGGRESSIVE;
				CLANG_CXX_LANGUAGE_STANDARD = "gnu++0x";
				CLANG_CXX_LIBRARY = "libc++";
				CLANG_ENABLE_MODULES = YES;
				CLANG_ENABLE_OBJC_ARC = YES;
				CLANG_WARN_BOOL_CONVERSION = YES;
				CLANG_WARN_CONSTANT_CONVERSION = YES;
				CLANG_WARN_DIRECT_OBJC_ISA_USAGE = YES_ERROR;
				CLANG_WARN_DOCUMENTATION_COMMENTS = YES;
				CLANG_WARN_EMPTY_BODY = YES;
				CLANG_WARN_ENUM_CONVERSION = YES;
				CLANG_WARN_INFINITE_RECURSION = YES;
				CLANG_WARN_INT_CONVERSION = YES;
				CLANG_WARN_OBJC_ROOT_CLASS = YES_ERROR;
				CLANG_WARN_SUSPICIOUS_MOVE = YES;
				CLANG_WARN_UNREACHABLE_CODE = YES;
				CLANG_WARN__DUPLICATE_METHOD_MATCH = YES;
				"CODE_SIGN_IDENTITY[sdk=iphoneos*]" = "iPhone Developer";
				COPY_PHASE_STRIP = NO;
				DEBUG_INFORMATION_FORMAT = dwarf;
				ENABLE_STRICT_OBJC_MSGSEND = YES;
				ENABLE_TESTABILITY = YES;
				GCC_C_LANGUAGE_STANDARD = gnu99;
				GCC_DYNAMIC_NO_PIC = NO;
				GCC_NO_COMMON_BLOCKS = YES;
				GCC_OPTIMIZATION_LEVEL = 0;
				GCC_PREPROCESSOR_DEFINITIONS = (
					"DEBUG=1",
					"$(inherited)",
				);
				GCC_WARN_64_TO_32_BIT_CONVERSION = YES;
				GCC_WARN_ABOUT_RETURN_TYPE = YES_ERROR;
				GCC_WARN_UNDECLARED_SELECTOR = YES;
				GCC_WARN_UNINITIALIZED_AUTOS = YES_AGGRESSIVE;
				GCC_WARN_UNUSED_FUNCTION = YES;
				GCC_WARN_UNUSED_VARIABLE = YES;
				IPHONEOS_DEPLOYMENT_TARGET = 10.3;
				MTL_ENABLE_DEBUG_INFO = YES;
				ONLY_ACTIVE_ARCH = YES;
				SDKROOT = iphoneos;
				SWIFT_ACTIVE_COMPILATION_CONDITIONS = DEBUG;
				SWIFT_OPTIMIZATION_LEVEL = "-Onone";
				TARGETED_DEVICE_FAMILY = "1,2";
			};
			name = Debug;
		};
		998650E41EC8F895004D9287 /* Release */ = {
			isa = XCBuildConfiguration;
			buildSettings = {
				ALWAYS_SEARCH_USER_PATHS = NO;
				CLANG_ANALYZER_NONNULL = YES;
				CLANG_ANALYZER_NUMBER_OBJECT_CONVERSION = YES_AGGRESSIVE;
				CLANG_CXX_LANGUAGE_STANDARD = "gnu++0x";
				CLANG_CXX_LIBRARY = "libc++";
				CLANG_ENABLE_MODULES = YES;
				CLANG_ENABLE_OBJC_ARC = YES;
				CLANG_WARN_BOOL_CONVERSION = YES;
				CLANG_WARN_CONSTANT_CONVERSION = YES;
				CLANG_WARN_DIRECT_OBJC_ISA_USAGE = YES_ERROR;
				CLANG_WARN_DOCUMENTATION_COMMENTS = YES;
				CLANG_WARN_EMPTY_BODY = YES;
				CLANG_WARN_ENUM_CONVERSION = YES;
				CLANG_WARN_INFINITE_RECURSION = YES;
				CLANG_WARN_INT_CONVERSION = YES;
				CLANG_WARN_OBJC_ROOT_CLASS = YES_ERROR;
				CLANG_WARN_SUSPICIOUS_MOVE = YES;
				CLANG_WARN_UNREACHABLE_CODE = YES;
				CLANG_WARN__DUPLICATE_METHOD_MATCH = YES;
				"CODE_SIGN_IDENTITY[sdk=iphoneos*]" = "iPhone Developer";
				COPY_PHASE_STRIP = NO;
				DEBUG_INFORMATION_FORMAT = "dwarf-with-dsym";
				ENABLE_NS_ASSERTIONS = NO;
				ENABLE_STRICT_OBJC_MSGSEND = YES;
				GCC_C_LANGUAGE_STANDARD = gnu99;
				GCC_NO_COMMON_BLOCKS = YES;
				GCC_WARN_64_TO_32_BIT_CONVERSION = YES;
				GCC_WARN_ABOUT_RETURN_TYPE = YES_ERROR;
				GCC_WARN_UNDECLARED_SELECTOR = YES;
				GCC_WARN_UNINITIALIZED_AUTOS = YES_AGGRESSIVE;
				GCC_WARN_UNUSED_FUNCTION = YES;
				GCC_WARN_UNUSED_VARIABLE = YES;
				IPHONEOS_DEPLOYMENT_TARGET = 10.3;
				MTL_ENABLE_DEBUG_INFO = NO;
				SDKROOT = iphoneos;
				SWIFT_OPTIMIZATION_LEVEL = "-Owholemodule";
				TARGETED_DEVICE_FAMILY = "1,2";
				VALIDATE_PRODUCT = YES;
			};
			name = Release;
		};
		998650E61EC8F895004D9287 /* Debug */ = {
			isa = XCBuildConfiguration;
			buildSettings = {
				ASSETCATALOG_COMPILER_APPICON_NAME = AppIcon;
				DEVELOPMENT_TEAM = 8684UGJ8P7;
				INFOPLIST_FILE = mise/Info.plist;
				LD_RUNPATH_SEARCH_PATHS = "$(inherited) @executable_path/Frameworks";
				PRODUCT_BUNDLE_IDENTIFIER = com.pablopfister.mise;
				PRODUCT_NAME = "$(TARGET_NAME)";
				SWIFT_VERSION = 3.0;
			};
			name = Debug;
		};
		998650E71EC8F895004D9287 /* Release */ = {
			isa = XCBuildConfiguration;
			buildSettings = {
				ASSETCATALOG_COMPILER_APPICON_NAME = AppIcon;
				DEVELOPMENT_TEAM = 8684UGJ8P7;
				INFOPLIST_FILE = mise/Info.plist;
				LD_RUNPATH_SEARCH_PATHS = "$(inherited) @executable_path/Frameworks";
				PRODUCT_BUNDLE_IDENTIFIER = com.pablopfister.mise;
				PRODUCT_NAME = "$(TARGET_NAME)";
				SWIFT_VERSION = 3.0;
			};
			name = Release;
		};
/* End XCBuildConfiguration section */

/* Begin XCConfigurationList section */
		998650CE1EC8F895004D9287 /* Build configuration list for PBXProject "mise" */ = {
			isa = XCConfigurationList;
			buildConfigurations = (
				998650E31EC8F895004D9287 /* Debug */,
				998650E41EC8F895004D9287 /* Release */,
			);
			defaultConfigurationIsVisible = 0;
			defaultConfigurationName = Release;
		};
		998650E51EC8F895004D9287 /* Build configuration list for PBXNativeTarget "mise" */ = {
			isa = XCConfigurationList;
			buildConfigurations = (
				998650E61EC8F895004D9287 /* Debug */,
				998650E71EC8F895004D9287 /* Release */,
			);
			defaultConfigurationIsVisible = 0;
			defaultConfigurationName = Release;
		};
/* End XCConfigurationList section */
	};
	rootObject = 998650CB1EC8F895004D9287 /* Project object */;
}
